
Microsoft Visual Studio Solution File, Format Version 12.00
# Visual Studio Version 16
VisualStudioVersion = 16.0.30711.63
MinimumVisualStudioVersion = 10.0.40219.1
Project("{FAE04EC0-301F-11D3-BF4B-00C04F79EFBC}") = "MarketingSystem", "MarketingSystem\MarketingSystem.csproj", "{C364A889-0243-4216-82FF-A1B6A6AB8806}"
EndProject
Project("{FAE04EC0-301F-11D3-BF4B-00C04F79EFBC}") = "Data", "Data\Data.csproj", "{7A61F888-CB2A-4D94-A983-4CA884B3815A}"
EndProject
Global
	GlobalSection(SolutionConfigurationPlatforms) = preSolution
		Debug|Any CPU = Debug|Any CPU
		Release|Any CPU = Release|Any CPU
	EndGlobalSection
	GlobalSection(ProjectConfigurationPlatforms) = postSolution
		{C364A889-0243-4216-82FF-A1B6A6AB8806}.Debug|Any CPU.ActiveCfg = Debug|Any CPU
		{C364A889-0243-4216-82FF-A1B6A6AB8806}.Debug|Any CPU.Build.0 = Debug|Any CPU
		{C364A889-0243-4216-82FF-A1B6A6AB8806}.Release|Any CPU.ActiveCfg = Release|Any CPU
		{C364A889-0243-4216-82FF-A1B6A6AB8806}.Release|Any CPU.Build.0 = Release|Any CPU
		{7A61F888-CB2A-4D94-A983-4CA884B3815A}.Debug|Any CPU.ActiveCfg = Debug|Any CPU
		{7A61F888-CB2A-4D94-A983-4CA884B3815A}.Debug|Any CPU.Build.0 = Debug|Any CPU
		{7A61F888-CB2A-4D94-A983-4CA884B3815A}.Release|Any CPU.ActiveCfg = Release|Any CPU
		{7A61F888-CB2A-4D94-A983-4CA884B3815A}.Release|Any CPU.Build.0 = Release|Any CPU
	EndGlobalSection
	GlobalSection(SolutionProperties) = preSolution
		HideSolutionNode = FALSE
	EndGlobalSection
	GlobalSection(ExtensibilityGlobals) = postSolution
		SolutionGuid = {5165FAE4-CBB1-4A04-927A-37780A2D5848}
	EndGlobalSection
EndGlobal
